// !$*UTF8*$!
{
	archiveVersion = 1;
	classes = {
	};
	objectVersion = 46;
	objects = {

/* Begin PBXBuildFile section */
		03530B8814F099C4002E9A5E /* Cocoa.framework in Frameworks */ = {isa = PBXBuildFile; fileRef = 03530B8714F099C4002E9A5E /* Cocoa.framework */; };
		03530B9214F099C4002E9A5E /* InfoPlist.strings in Resources */ = {isa = PBXBuildFile; fileRef = 03530B9014F099C4002E9A5E /* InfoPlist.strings */; };
/* End PBXBuildFile section */

/* Begin PBXFileReference section */
		03530B8414F099C4002E9A5E /* ActionDrop.bundle */ = {isa = PBXFileReference; explicitFileType = wrapper.cfbundle; includeInIndex = 0; path = ActionDrop.bundle; sourceTree = BUILT_PRODUCTS_DIR; };
		03530B8714F099C4002E9A5E /* Cocoa.framework */ = {isa = PBXFileReference; lastKnownFileType = wrapper.framework; name = Cocoa.framework; path = System/Library/Frameworks/Cocoa.framework; sourceTree = SDKROOT; };
		03530B8A14F099C4002E9A5E /* AppKit.framework */ = {isa = PBXFileReference; lastKnownFileType = wrapper.framework; name = AppKit.framework; path = System/Library/Frameworks/AppKit.framework; sourceTree = SDKROOT; };
		03530B8B14F099C4002E9A5E /* CoreData.framework */ = {isa = PBXFileReference; lastKnownFileType = wrapper.framework; name = CoreData.framework; path = System/Library/Frameworks/CoreData.framework; sourceTree = SDKROOT; };
		03530B8C14F099C4002E9A5E /* Foundation.framework */ = {isa = PBXFileReference; lastKnownFileType = wrapper.framework; name = Foundation.framework; path = System/Library/Frameworks/Foundation.framework; sourceTree = SDKROOT; };
		03530B8F14F099C4002E9A5E /* ActionDrop-Info.plist */ = {isa = PBXFileReference; path = "ActionDrop-Info.plist"; sourceTree = "<group>"; };
		03530B9114F099C4002E9A5E /* en */ = {isa = PBXFileReference; lastKnownFileType = text.plist.strings; name = en; path = en.lproj/InfoPlist.strings; sourceTree = "<group>"; };
		03530B9314F099C4002E9A5E /* ActionDrop-Prefix.pch */ = {isa = PBXFileReference; path = "ActionDrop-Prefix.pch"; sourceTree = "<group>"; };
/* End PBXFileReference section */

/* Begin PBXFrameworksBuildPhase section */
		03530B8114F099C4002E9A5E /* Frameworks */ = {
			isa = PBXFrameworksBuildPhase;
			buildActionMask = 2147483647;
			files = (
				03530B8814F099C4002E9A5E /* Cocoa.framework in Frameworks */,
			);
			runOnlyForDeploymentPostprocessing = 0;
		};
/* End PBXFrameworksBuildPhase section */

/* Begin PBXGroup section */
		03530B7914F099C4002E9A5E = {
			isa = PBXGroup;
			children = (
				03530B8D14F099C4002E9A5E /* ActionDrop */,
				03530B8614F099C4002E9A5E /* Frameworks */,
				03530B8514F099C4002E9A5E /* Products */,
			);
			sourceTree = "<group>";
		};
		03530B8514F099C4002E9A5E /* Products */ = {
			isa = PBXGroup;
			children = (
				03530B8414F099C4002E9A5E /* ActionDrop.bundle */,
			);
			name = Products;
			sourceTree = "<group>";
		};
		03530B8614F099C4002E9A5E /* Frameworks */ = {
			isa = PBXGroup;
			children = (
				03530B8714F099C4002E9A5E /* Cocoa.framework */,
				03530B8914F099C4002E9A5E /* Other Frameworks */,
			);
			name = Frameworks;
			sourceTree = "<group>";
		};
		03530B8914F099C4002E9A5E /* Other Frameworks */ = {
			isa = PBXGroup;
			children = (
				03530B8A14F099C4002E9A5E /* AppKit.framework */,
				03530B8B14F099C4002E9A5E /* CoreData.framework */,
				03530B8C14F099C4002E9A5E /* Foundation.framework */,
			);
			name = "Other Frameworks";
			sourceTree = "<group>";
		};
		03530B8D14F099C4002E9A5E /* ActionDrop */ = {
			isa = PBXGroup;
			children = (
				03530B8E14F099C4002E9A5E /* Supporting Files */,
			);
			path = ActionDrop;
			sourceTree = "<group>";
		};
		03530B8E14F099C4002E9A5E /* Supporting Files */ = {
			isa = PBXGroup;
			children = (
				03530B8F14F099C4002E9A5E /* ActionDrop-Info.plist */,
				03530B9014F099C4002E9A5E /* InfoPlist.strings */,
				03530B9314F099C4002E9A5E /* ActionDrop-Prefix.pch */,
			);
			name = "Supporting Files";
			sourceTree = "<group>";
		};
/* End PBXGroup section */

/* Begin PBXNativeTarget section */
		03530B8314F099C4002E9A5E /* ActionDrop */ = {
			isa = PBXNativeTarget;
			buildConfigurationList = 03530B9614F099C4002E9A5E /* Build configuration list for PBXNativeTarget "ActionDrop" */;
			buildPhases = (
				03530B8014F099C4002E9A5E /* Sources */,
				03530B8114F099C4002E9A5E /* Frameworks */,
				03530B8214F099C4002E9A5E /* Resources */,
			);
			buildRules = (
			);
			dependencies = (
			);
			name = ActionDrop;
			productName = ActionDrop;
			productReference = 03530B8414F099C4002E9A5E /* ActionDrop.bundle */;
			productType = "com.apple.product-type.bundle";
		};
/* End PBXNativeTarget section */

/* Begin PBXProject section */
		03530B7B14F099C4002E9A5E /* Project object */ = {
			isa = PBXProject;
			attributes = {
				LastUpgradeCheck = 0420;
				ORGANIZATIONNAME = "Roaring Sky";
			};
			buildConfigurationList = 03530B7E14F099C4002E9A5E /* Build configuration list for PBXProject "ActionDrop" */;
			compatibilityVersion = "Xcode 3.2";
			developmentRegion = English;
			hasScannedForEncodings = 0;
			knownRegions = (
				en,
			);
			mainGroup = 03530B7914F099C4002E9A5E;
			productRefGroup = 03530B8514F099C4002E9A5E /* Products */;
			projectDirPath = "";
			projectRoot = "";
			targets = (
				03530B8314F099C4002E9A5E /* ActionDrop */,
			);
		};
/* End PBXProject section */

/* Begin PBXResourcesBuildPhase section */
		03530B8214F099C4002E9A5E /* Resources */ = {
			isa = PBXResourcesBuildPhase;
			buildActionMask = 2147483647;
			files = (
				03530B9214F099C4002E9A5E /* InfoPlist.strings in Resources */,
			);
			runOnlyForDeploymentPostprocessing = 0;
		};
/* End PBXResourcesBuildPhase section */

/* Begin PBXSourcesBuildPhase section */
		03530B8014F099C4002E9A5E /* Sources */ = {
			isa = PBXSourcesBuildPhase;
			buildActionMask = 2147483647;
			files = (
			);
			runOnlyForDeploymentPostprocessing = 0;
		};
/* End PBXSourcesBuildPhase section */

/* Begin PBXVariantGroup section */
		03530B9014F099C4002E9A5E /* InfoPlist.strings */ = {
			isa = PBXVariantGroup;
			children = (
				03530B9114F099C4002E9A5E /* en */,
			);
			name = InfoPlist.strings;
			sourceTree = "<group>";
		};
/* End PBXVariantGroup section */

/* Begin XCBuildConfiguration section */
		03530B9414F099C4002E9A5E /* Debug */ = {
			isa = XCBuildConfiguration;
			buildSettings = {
				ALWAYS_SEARCH_USER_PATHS = NO;
				ARCHS = "$(ARCHS_STANDARD_64_BIT)";
				CLANG_ENABLE_OBJC_ARC = YES;
				COPY_PHASE_STRIP = NO;
				GCC_C_LANGUAGE_STANDARD = gnu99;
				GCC_DYNAMIC_NO_PIC = NO;
				GCC_ENABLE_OBJC_EXCEPTIONS = YES;
				GCC_OPTIMIZATION_LEVEL = 0;
				GCC_PREPROCESSOR_DEFINITIONS = (
					"DEBUG=1",
					"$(inherited)",
				);
				GCC_SYMBOLS_PRIVATE_EXTERN = NO;
				GCC_VERSION = com.apple.compilers.llvm.clang.1_0;
				GCC_WARN_64_TO_32_BIT_CONVERSION = YES;
				GCC_WARN_ABOUT_MISSING_PROTOTYPES = YES;
				GCC_WARN_ABOUT_RETURN_TYPE = YES;
				GCC_WARN_UNUSED_VARIABLE = YES;
				MACOSX_DEPLOYMENT_TARGET = 10.7;
				ONLY_ACTIVE_ARCH = YES;
				SDKROOT = macosx;
			};
			name = Debug;
		};
		03530B9514F099C4002E9A5E /* Release */ = {
			isa = XCBuildConfiguration;
			buildSettings = {
				ALWAYS_SEARCH_USER_PATHS = NO;
				ARCHS = "$(ARCHS_STANDARD_64_BIT)";
				CLANG_ENABLE_OBJC_ARC = YES;
				COPY_PHASE_STRIP = YES;
				DEBUG_INFORMATION_FORMAT = "dwarf-with-dsym";
				GCC_C_LANGUAGE_STANDARD = gnu99;
				GCC_ENABLE_OBJC_EXCEPTIONS = YES;
				GCC_VERSION = com.apple.compilers.llvm.clang.1_0;
				GCC_WARN_64_TO_32_BIT_CONVERSION = YES;
				GCC_WARN_ABOUT_MISSING_PROTOTYPES = YES;
				GCC_WARN_ABOUT_RETURN_TYPE = YES;
				GCC_WARN_UNUSED_VARIABLE = YES;
				MACOSX_DEPLOYMENT_TARGET = 10.7;
				SDKROOT = macosx;
			};
			name = Release;
		};
		03530B9714F099C4002E9A5E /* Debug */ = {
			isa = XCBuildConfiguration;
			buildSettings = {
				GCC_PRECOMPILE_PREFIX_HEADER = YES;
				GCC_PREFIX_HEADER = "ActionDrop/ActionDrop-Prefix.pch";
				INFOPLIST_FILE = "ActionDrop/ActionDrop-Info.plist";
				INSTALL_PATH = "$(LOCAL_LIBRARY_DIR)/Bundles";
				PRODUCT_NAME = "$(TARGET_NAME)";
				WRAPPER_EXTENSION = bundle;
			};
			name = Debug;
		};
		03530B9814F099C4002E9A5E /* Release */ = {
			isa = XCBuildConfiguration;
			buildSettings = {
				GCC_PRECOMPILE_PREFIX_HEADER = YES;
				GCC_PREFIX_HEADER = "ActionDrop/ActionDrop-Prefix.pch";
				INFOPLIST_FILE = "ActionDrop/ActionDrop-Info.plist";
				INSTALL_PATH = "$(LOCAL_LIBRARY_DIR)/Bundles";
				PRODUCT_NAME = "$(TARGET_NAME)";
				WRAPPER_EXTENSION = bundle;
			};
			name = Release;
		};
/* End XCBuildConfiguration section */

/* Begin XCConfigurationList section */
		03530B7E14F099C4002E9A5E /* Build configuration list for PBXProject "ActionDrop" */ = {
			isa = XCConfigurationList;
			buildConfigurations = (
				03530B9414F099C4002E9A5E /* Debug */,
				03530B9514F099C4002E9A5E /* Release */,
			);
			defaultConfigurationIsVisible = 0;
			defaultConfigurationName = Release;
		};
		03530B9614F099C4002E9A5E /* Build configuration list for PBXNativeTarget "ActionDrop" */ = {
			isa = XCConfigurationList;
			buildConfigurations = (
				03530B9714F099C4002E9A5E /* Debug */,
				03530B9814F099C4002E9A5E /* Release */,
			);
			defaultConfigurationIsVisible = 0;
		};
/* End XCConfigurationList section */
	};
	rootObject = 03530B7B14F099C4002E9A5E /* Project object */;
}
